
Microsoft Visual Studio Solution File, Format Version 12.00
# Visual Studio Version 17
VisualStudioVersion = 17.14.36414.22
MinimumVisualStudioVersion = 10.0.40219.1
Project("{8BC9CEB8-8B4A-11D0-8D11-00A0C91BC942}") = "CppOhjelmointiKurssi", "CppOhjelmointiKurssi\CppOhjelmointiKurssi.vcxproj", "{EDECD08B-CE33-4D6A-94FD-5FDAA9782C1D}"
EndProject
Project("{8BC9CEB8-8B4A-11D0-8D11-00A0C91BC942}") = "TEHT2-1_KäyttäjäNimi", "TEHT2-1_KäyttäjäNimi\TEHT2-1_KäyttäjäNimi.vcxproj", "{DF9516CF-F9D0-4C51-B5F2-69E1CC978D75}"
EndProject
Project("{8BC9CEB8-8B4A-11D0-8D11-00A0C91BC942}") = "TEHT2-3_KolmionAla", "TEHT2-3_KolmionAla\TEHT2-3_KolmionAla.vcxproj", "{72C5B842-407F-4031-8558-844949021B3B}"
EndProject
Project("{8BC9CEB8-8B4A-11D0-8D11-00A0C91BC942}") = "TEHT3-3_Hemoglobiini", "TEHT3-3_Hemoglobiini\TEHT3-3_Hemoglobiini.vcxproj", "{C49D1C15-0D7E-4701-94B5-41203A0ABD31}"
EndProject
Project("{8BC9CEB8-8B4A-11D0-8D11-00A0C91BC942}") = "TEHT3-4_Karkausvuosi", "TEHT3-4_Karkausvuosi\TEHT3-4_Karkausvuosi.vcxproj", "{AD78FD9F-4154-41E7-9D1E-3F5C0A2F37A3}"
EndProject
Project("{8BC9CEB8-8B4A-11D0-8D11-00A0C91BC942}") = "TEHT4-2_Tuumat", "TEHT4-2_Tuumat\TEHT4-2_Tuumat.vcxproj", "{EA7D35C0-6B90-4130-A3E9-2228C125564B}"
EndProject
Project("{8BC9CEB8-8B4A-11D0-8D11-00A0C91BC942}") = "TEHT6-3_Gallonat", "TEHT6-3_Gallonat\TEHT6-3_Gallonat.vcxproj", "{F4FEBF2C-3AF2-443A-A6D4-0AADFBF89E4B}"
EndProject
Project("{8BC9CEB8-8B4A-11D0-8D11-00A0C91BC942}") = "TEHT4-1_KolmellaJaolliset", "TEHT4-1_KolmellaJaolliset\TEHT4-1_KolmellaJaolliset.vcxproj", "{D851C7EC-8F6E-43BD-8872-DEF208C804F4}"
EndProject
Project("{8BC9CEB8-8B4A-11D0-8D11-00A0C91BC942}") = "28_10-TUNTITEHT1", "28_10-TUNTITEHT1\28_10-TUNTITEHT1.vcxproj", "{FADEDDE8-4A9C-44F1-A7F3-28A6174D4617}"
EndProject
Project("{8BC9CEB8-8B4A-11D0-8D11-00A0C91BC942}") = "28_10-TUNTITEHT2", "28_10-TUNTITEHT2\28_10-TUNTITEHT2.vcxproj", "{A2A797BC-CB70-427F-9CBD-FCD5D56C48E4}"
EndProject
Project("{8BC9CEB8-8B4A-11D0-8D11-00A0C91BC942}") = "28_10-TUNTITEHT3", "28_10-TUNTITEHT3\28_10-TUNTITEHT3.vcxproj", "{7C0EF794-2846-48DD-A3A6-C7C9E100B88D}"
EndProject
Project("{8BC9CEB8-8B4A-11D0-8D11-00A0C91BC942}") = "28_10-TUNTITEHT4", "28_10-TUNTITEHT4\28_10-TUNTITEHT4.vcxproj", "{22611F32-7239-4D7A-B2E5-F83572CA5C4E}"
EndProject
Project("{8BC9CEB8-8B4A-11D0-8D11-00A0C91BC942}") = "28_10-TUNTITEHT5", "28_10-TUNTITEHT5\28_10-TUNTITEHT5.vcxproj", "{3AAF459D-3086-4E43-A102-62A1A70C89D6}"
EndProject
Project("{8BC9CEB8-8B4A-11D0-8D11-00A0C91BC942}") = "28_10-TUNTITETH6", "28_10_TUNTITETH6\28_10_TUNTITETH6.vcxproj", "{4F67192C-310A-41A7-B77A-DCC2E3BE1F2C}"
EndProject
Project("{8BC9CEB8-8B4A-11D0-8D11-00A0C91BC942}") = "29_10-LÄKSYTEHT1", "29_10-LÄKSYTEHT1\29_10-LÄKSYTEHT1.vcxproj", "{7922C61A-1A01-40F3-862F-8CB3F548D000}"
EndProject
Project("{8BC9CEB8-8B4A-11D0-8D11-00A0C91BC942}") = "29_10-LÄKSYTEHT2", "29_10-LÄKSYTEHT2\29_10-LÄKSYTEHT2.vcxproj", "{F66E1F57-1299-4684-9F0C-8F11E5EFEE00}"
EndProject
Project("{8BC9CEB8-8B4A-11D0-8D11-00A0C91BC942}") = "29_10-LÄKSYTEHT4", "29_10-LÄKSYTEHT4\29_10-LÄKSYTEHT4.vcxproj", "{8D78C96A-DFD6-4825-836F-C9B2FC739495}"
EndProject
Project("{8BC9CEB8-8B4A-11D0-8D11-00A0C91BC942}") = "29_10-LÄKSYTEHT5", "29_10-LÄKSYTEHT5\29_10-LÄKSYTEHT5.vcxproj", "{7E7B3386-BAA9-4CC6-904F-7E308383F1D7}"
EndProject
Project("{8BC9CEB8-8B4A-11D0-8D11-00A0C91BC942}") = "29_10-LÄKSYTEHT6", "29_10-LÄKSYTEHT6\29_10-LÄKSYTEHT6.vcxproj", "{12F548BE-7158-4A40-A866-994651187EDB}"
EndProject
Project("{8BC9CEB8-8B4A-11D0-8D11-00A0C91BC942}") = "4_11-EKSTRATEHT_LINKEDLIST", "4_11-EKSTRATEHT_LINKEDLIST\4_11-EKSTRATEHT_LINKEDLIST.vcxproj", "{FB0CA8B5-A08D-45CE-828C-3B6D0A11189C}"
EndProject
Project("{8BC9CEB8-8B4A-11D0-8D11-00A0C91BC942}") = "4_11-TUNITEHT1", "4_11-TUNITEHT1\4_11-TUNITEHT1.vcxproj", "{B7AC7675-588B-41E9-9A74-9D8FB51EF748}"
EndProject
Project("{8BC9CEB8-8B4A-11D0-8D11-00A0C91BC942}") = "4_11-TUNTITEHT2", "4_11-TUNTITEHT2\4_11-TUNTITEHT2.vcxproj", "{F6BA9A56-D41B-4003-BA8B-0560430D4D98}"
EndProject
Project("{8BC9CEB8-8B4A-11D0-8D11-00A0C91BC942}") = "4_11-TUNTITEHT3", "4_11-TUNTITEHT3\4_11-TUNTITEHT3.vcxproj", "{E3E3ED48-B38E-40CE-BEE2-6B4B6DB9B99B}"
EndProject
Project("{8BC9CEB8-8B4A-11D0-8D11-00A0C91BC942}") = "4_11-TUNTITEHT4", "4_11-TUNTITEHT4\4_11-TUNTITEHT4.vcxproj", "{144C8B20-57CB-4632-8BB3-EF8A6E40E2D5}"
EndProject
Project("{8BC9CEB8-8B4A-11D0-8D11-00A0C91BC942}") = "4_11-TUNTITEHT5", "4_11-TUNTITEHT5\4_11-TUNTITEHT5.vcxproj", "{7B6AFFB8-0F0E-4471-8F0D-40F09ABFDD74}"
EndProject
Project("{8BC9CEB8-8B4A-11D0-8D11-00A0C91BC942}") = "4_11-TUNTITEHT6", "4_11-TUNTITEHT6\4_11-TUNTITEHT6.vcxproj", "{19405300-716D-47B2-9E40-F000483C4EAC}"
EndProject
Project("{8BC9CEB8-8B4A-11D0-8D11-00A0C91BC942}") = "7_11-LÄKSYTEHT1", "7_11-LÄKSYTEHT1\7_11-LÄKSYTEHT1.vcxproj", "{D969349F-8750-4E69-9EFE-D7BE4CED3F9E}"
EndProject
Project("{8BC9CEB8-8B4A-11D0-8D11-00A0C91BC942}") = "7_11-LÄKSYTEHT2", "7_11-LÄKSYTEHT2\7_11-LÄKSYTEHT2.vcxproj", "{D15D42C7-50B2-466F-8929-95DE479DC9F3}"
EndProject
Project("{8BC9CEB8-8B4A-11D0-8D11-00A0C91BC942}") = "7_11-LÄKSYTEHT3", "7_11-LÄKSYTEHT3\7_11-LÄKSYTEHT3.vcxproj", "{B8DF3CCB-671B-4803-B9B7-1A5193120DCB}"
EndProject
Project("{8BC9CEB8-8B4A-11D0-8D11-00A0C91BC942}") = "7_11-LÄKSYTEHT4", "7_11-LÄKSYTEHT4\7_11-LÄKSYTEHT4.vcxproj", "{70E65D4E-2DD7-4AB4-A2D0-C83552B12D7D}"
EndProject
Project("{8BC9CEB8-8B4A-11D0-8D11-00A0C91BC942}") = "7_11-LÄKSYTEHT5", "7_11-LÄKSYTEHT5\7_11-LÄKSYTEHT5.vcxproj", "{924E04E6-800A-46C1-B9C5-D942794C7060}"
EndProject
Project("{8BC9CEB8-8B4A-11D0-8D11-00A0C91BC942}") = "7_11-LÄKSYTEHT6", "7_11-LÄKSYTEHT6\7_11-LÄKSYTEHT6.vcxproj", "{7406489D-61FF-4AF3-ABB7-F038D7E5E179}"
EndProject
Project("{8BC9CEB8-8B4A-11D0-8D11-00A0C91BC942}") = "11_11-TUNTITEHT1", "11_11-TUNTITEHT1\11_11-TUNTITEHT1.vcxproj", "{8C3F4F82-DC19-498E-8265-663CB4EE9B85}"
EndProject
Project("{8BC9CEB8-8B4A-11D0-8D11-00A0C91BC942}") = "11_11-TUNTITEHT2", "11_11-TUNTITEHT2\11_11-TUNTITEHT2.vcxproj", "{397011ED-380B-4739-B2DE-8520B069F1E9}"
EndProject
Project("{8BC9CEB8-8B4A-11D0-8D11-00A0C91BC942}") = "11_11-TUNTITEHT3", "11_11-TUNTITEHT3\11_11-TUNTITEHT3.vcxproj", "{37BCBC6F-BC48-4B50-BE04-A780E58FB39B}"
EndProject
Project("{8BC9CEB8-8B4A-11D0-8D11-00A0C91BC942}") = "11_11-TUNTITEHT4", "11_11-TUNTITEHT4\11_11-TUNTITEHT4.vcxproj", "{7D14950C-476C-41E3-929E-FBC78915DEDB}"
EndProject
Project("{8BC9CEB8-8B4A-11D0-8D11-00A0C91BC942}") = "11_11-TUNTITEHT5", "11_11-TUNTITEHT5\11_11-TUNTITEHT5.vcxproj", "{293A6575-5372-405F-843D-62D3A269D610}"
EndProject
Project("{8BC9CEB8-8B4A-11D0-8D11-00A0C91BC942}") = "11_11-TUNTITEHT6", "11_11-TUNTITEHT6\11_11-TUNTITEHT6.vcxproj", "{7637CA96-FBBE-4EF3-8430-9D966F89448E}"
EndProject
Project("{8BC9CEB8-8B4A-11D0-8D11-00A0C91BC942}") = "11_11-KOTITEHT1", "11_11-KOTITEHT1\11_11-KOTITEHT1.vcxproj", "{5F9A8AF4-81E6-4D78-9395-305684CCE687}"
EndProject
Project("{8BC9CEB8-8B4A-11D0-8D11-00A0C91BC942}") = "11_11-KOTITEHT2", "11_11-KOTITEHT2\11_11-KOTITEHT2.vcxproj", "{C22271BD-E44D-4153-AC0B-D95E8194813A}"
EndProject
Project("{8BC9CEB8-8B4A-11D0-8D11-00A0C91BC942}") = "11_11-KOTITEHT3", "11_11-KOTITEHT3\11_11-KOTITEHT3.vcxproj", "{DF7BB450-6915-40FF-8CC7-A27E72B43773}"
EndProject
Project("{8BC9CEB8-8B4A-11D0-8D11-00A0C91BC942}") = "11_11-KOTITEHT4", "11_11-KOTITEHT4\11_11-KOTITEHT4.vcxproj", "{E98EC2EF-A272-41CA-AA49-3B1AE301E61B}"
EndProject
Global
	GlobalSection(SolutionConfigurationPlatforms) = preSolution
		Debug|x64 = Debug|x64
		Debug|x86 = Debug|x86
		Release|x64 = Release|x64
		Release|x86 = Release|x86
	EndGlobalSection
	GlobalSection(ProjectConfigurationPlatforms) = postSolution
		{EDECD08B-CE33-4D6A-94FD-5FDAA9782C1D}.Debug|x64.ActiveCfg = Debug|x64
		{EDECD08B-CE33-4D6A-94FD-5FDAA9782C1D}.Debug|x64.Build.0 = Debug|x64
		{EDECD08B-CE33-4D6A-94FD-5FDAA9782C1D}.Debug|x86.ActiveCfg = Debug|Win32
		{EDECD08B-CE33-4D6A-94FD-5FDAA9782C1D}.Debug|x86.Build.0 = Debug|Win32
		{EDECD08B-CE33-4D6A-94FD-5FDAA9782C1D}.Release|x64.ActiveCfg = Release|x64
		{EDECD08B-CE33-4D6A-94FD-5FDAA9782C1D}.Release|x64.Build.0 = Release|x64
		{EDECD08B-CE33-4D6A-94FD-5FDAA9782C1D}.Release|x86.ActiveCfg = Release|Win32
		{EDECD08B-CE33-4D6A-94FD-5FDAA9782C1D}.Release|x86.Build.0 = Release|Win32
		{DF9516CF-F9D0-4C51-B5F2-69E1CC978D75}.Debug|x64.ActiveCfg = Debug|x64
		{DF9516CF-F9D0-4C51-B5F2-69E1CC978D75}.Debug|x64.Build.0 = Debug|x64
		{DF9516CF-F9D0-4C51-B5F2-69E1CC978D75}.Debug|x86.ActiveCfg = Debug|Win32
		{DF9516CF-F9D0-4C51-B5F2-69E1CC978D75}.Debug|x86.Build.0 = Debug|Win32
		{DF9516CF-F9D0-4C51-B5F2-69E1CC978D75}.Release|x64.ActiveCfg = Release|x64
		{DF9516CF-F9D0-4C51-B5F2-69E1CC978D75}.Release|x64.Build.0 = Release|x64
		{DF9516CF-F9D0-4C51-B5F2-69E1CC978D75}.Release|x86.ActiveCfg = Release|Win32
		{DF9516CF-F9D0-4C51-B5F2-69E1CC978D75}.Release|x86.Build.0 = Release|Win32
		{72C5B842-407F-4031-8558-844949021B3B}.Debug|x64.ActiveCfg = Debug|x64
		{72C5B842-407F-4031-8558-844949021B3B}.Debug|x64.Build.0 = Debug|x64
		{72C5B842-407F-4031-8558-844949021B3B}.Debug|x86.ActiveCfg = Debug|Win32
		{72C5B842-407F-4031-8558-844949021B3B}.Debug|x86.Build.0 = Debug|Win32
		{72C5B842-407F-4031-8558-844949021B3B}.Release|x64.ActiveCfg = Release|x64
		{72C5B842-407F-4031-8558-844949021B3B}.Release|x64.Build.0 = Release|x64
		{72C5B842-407F-4031-8558-844949021B3B}.Release|x86.ActiveCfg = Release|Win32
		{72C5B842-407F-4031-8558-844949021B3B}.Release|x86.Build.0 = Release|Win32
		{C49D1C15-0D7E-4701-94B5-41203A0ABD31}.Debug|x64.ActiveCfg = Debug|x64
		{C49D1C15-0D7E-4701-94B5-41203A0ABD31}.Debug|x64.Build.0 = Debug|x64
		{C49D1C15-0D7E-4701-94B5-41203A0ABD31}.Debug|x86.ActiveCfg = Debug|Win32
		{C49D1C15-0D7E-4701-94B5-41203A0ABD31}.Debug|x86.Build.0 = Debug|Win32
		{C49D1C15-0D7E-4701-94B5-41203A0ABD31}.Release|x64.ActiveCfg = Release|x64
		{C49D1C15-0D7E-4701-94B5-41203A0ABD31}.Release|x64.Build.0 = Release|x64
		{C49D1C15-0D7E-4701-94B5-41203A0ABD31}.Release|x86.ActiveCfg = Release|Win32
		{C49D1C15-0D7E-4701-94B5-41203A0ABD31}.Release|x86.Build.0 = Release|Win32
		{AD78FD9F-4154-41E7-9D1E-3F5C0A2F37A3}.Debug|x64.ActiveCfg = Debug|x64
		{AD78FD9F-4154-41E7-9D1E-3F5C0A2F37A3}.Debug|x64.Build.0 = Debug|x64
		{AD78FD9F-4154-41E7-9D1E-3F5C0A2F37A3}.Debug|x86.ActiveCfg = Debug|Win32
		{AD78FD9F-4154-41E7-9D1E-3F5C0A2F37A3}.Debug|x86.Build.0 = Debug|Win32
		{AD78FD9F-4154-41E7-9D1E-3F5C0A2F37A3}.Release|x64.ActiveCfg = Release|x64
		{AD78FD9F-4154-41E7-9D1E-3F5C0A2F37A3}.Release|x64.Build.0 = Release|x64
		{AD78FD9F-4154-41E7-9D1E-3F5C0A2F37A3}.Release|x86.ActiveCfg = Release|Win32
		{AD78FD9F-4154-41E7-9D1E-3F5C0A2F37A3}.Release|x86.Build.0 = Release|Win32
		{EA7D35C0-6B90-4130-A3E9-2228C125564B}.Debug|x64.ActiveCfg = Debug|x64
		{EA7D35C0-6B90-4130-A3E9-2228C125564B}.Debug|x64.Build.0 = Debug|x64
		{EA7D35C0-6B90-4130-A3E9-2228C125564B}.Debug|x86.ActiveCfg = Debug|Win32
		{EA7D35C0-6B90-4130-A3E9-2228C125564B}.Debug|x86.Build.0 = Debug|Win32
		{EA7D35C0-6B90-4130-A3E9-2228C125564B}.Release|x64.ActiveCfg = Release|x64
		{EA7D35C0-6B90-4130-A3E9-2228C125564B}.Release|x64.Build.0 = Release|x64
		{EA7D35C0-6B90-4130-A3E9-2228C125564B}.Release|x86.ActiveCfg = Release|Win32
		{EA7D35C0-6B90-4130-A3E9-2228C125564B}.Release|x86.Build.0 = Release|Win32
		{F4FEBF2C-3AF2-443A-A6D4-0AADFBF89E4B}.Debug|x64.ActiveCfg = Debug|x64
		{F4FEBF2C-3AF2-443A-A6D4-0AADFBF89E4B}.Debug|x64.Build.0 = Debug|x64
		{F4FEBF2C-3AF2-443A-A6D4-0AADFBF89E4B}.Debug|x86.ActiveCfg = Debug|Win32
		{F4FEBF2C-3AF2-443A-A6D4-0AADFBF89E4B}.Debug|x86.Build.0 = Debug|Win32
		{F4FEBF2C-3AF2-443A-A6D4-0AADFBF89E4B}.Release|x64.ActiveCfg = Release|x64
		{F4FEBF2C-3AF2-443A-A6D4-0AADFBF89E4B}.Release|x64.Build.0 = Release|x64
		{F4FEBF2C-3AF2-443A-A6D4-0AADFBF89E4B}.Release|x86.ActiveCfg = Release|Win32
		{F4FEBF2C-3AF2-443A-A6D4-0AADFBF89E4B}.Release|x86.Build.0 = Release|Win32
		{D851C7EC-8F6E-43BD-8872-DEF208C804F4}.Debug|x64.ActiveCfg = Debug|x64
		{D851C7EC-8F6E-43BD-8872-DEF208C804F4}.Debug|x64.Build.0 = Debug|x64
		{D851C7EC-8F6E-43BD-8872-DEF208C804F4}.Debug|x86.ActiveCfg = Debug|Win32
		{D851C7EC-8F6E-43BD-8872-DEF208C804F4}.Debug|x86.Build.0 = Debug|Win32
		{D851C7EC-8F6E-43BD-8872-DEF208C804F4}.Release|x64.ActiveCfg = Release|x64
		{D851C7EC-8F6E-43BD-8872-DEF208C804F4}.Release|x64.Build.0 = Release|x64
		{D851C7EC-8F6E-43BD-8872-DEF208C804F4}.Release|x86.ActiveCfg = Release|Win32
		{D851C7EC-8F6E-43BD-8872-DEF208C804F4}.Release|x86.Build.0 = Release|Win32
		{FADEDDE8-4A9C-44F1-A7F3-28A6174D4617}.Debug|x64.ActiveCfg = Debug|x64
		{FADEDDE8-4A9C-44F1-A7F3-28A6174D4617}.Debug|x64.Build.0 = Debug|x64
		{FADEDDE8-4A9C-44F1-A7F3-28A6174D4617}.Debug|x86.ActiveCfg = Debug|Win32
		{FADEDDE8-4A9C-44F1-A7F3-28A6174D4617}.Debug|x86.Build.0 = Debug|Win32
		{FADEDDE8-4A9C-44F1-A7F3-28A6174D4617}.Release|x64.ActiveCfg = Release|x64
		{FADEDDE8-4A9C-44F1-A7F3-28A6174D4617}.Release|x64.Build.0 = Release|x64
		{FADEDDE8-4A9C-44F1-A7F3-28A6174D4617}.Release|x86.ActiveCfg = Release|Win32
		{FADEDDE8-4A9C-44F1-A7F3-28A6174D4617}.Release|x86.Build.0 = Release|Win32
		{A2A797BC-CB70-427F-9CBD-FCD5D56C48E4}.Debug|x64.ActiveCfg = Debug|x64
		{A2A797BC-CB70-427F-9CBD-FCD5D56C48E4}.Debug|x64.Build.0 = Debug|x64
		{A2A797BC-CB70-427F-9CBD-FCD5D56C48E4}.Debug|x86.ActiveCfg = Debug|Win32
		{A2A797BC-CB70-427F-9CBD-FCD5D56C48E4}.Debug|x86.Build.0 = Debug|Win32
		{A2A797BC-CB70-427F-9CBD-FCD5D56C48E4}.Release|x64.ActiveCfg = Release|x64
		{A2A797BC-CB70-427F-9CBD-FCD5D56C48E4}.Release|x64.Build.0 = Release|x64
		{A2A797BC-CB70-427F-9CBD-FCD5D56C48E4}.Release|x86.ActiveCfg = Release|Win32
		{A2A797BC-CB70-427F-9CBD-FCD5D56C48E4}.Release|x86.Build.0 = Release|Win32
		{7C0EF794-2846-48DD-A3A6-C7C9E100B88D}.Debug|x64.ActiveCfg = Debug|x64
		{7C0EF794-2846-48DD-A3A6-C7C9E100B88D}.Debug|x64.Build.0 = Debug|x64
		{7C0EF794-2846-48DD-A3A6-C7C9E100B88D}.Debug|x86.ActiveCfg = Debug|Win32
		{7C0EF794-2846-48DD-A3A6-C7C9E100B88D}.Debug|x86.Build.0 = Debug|Win32
		{7C0EF794-2846-48DD-A3A6-C7C9E100B88D}.Release|x64.ActiveCfg = Release|x64
		{7C0EF794-2846-48DD-A3A6-C7C9E100B88D}.Release|x64.Build.0 = Release|x64
		{7C0EF794-2846-48DD-A3A6-C7C9E100B88D}.Release|x86.ActiveCfg = Release|Win32
		{7C0EF794-2846-48DD-A3A6-C7C9E100B88D}.Release|x86.Build.0 = Release|Win32
		{22611F32-7239-4D7A-B2E5-F83572CA5C4E}.Debug|x64.ActiveCfg = Debug|x64
		{22611F32-7239-4D7A-B2E5-F83572CA5C4E}.Debug|x64.Build.0 = Debug|x64
		{22611F32-7239-4D7A-B2E5-F83572CA5C4E}.Debug|x86.ActiveCfg = Debug|Win32
		{22611F32-7239-4D7A-B2E5-F83572CA5C4E}.Debug|x86.Build.0 = Debug|Win32
		{22611F32-7239-4D7A-B2E5-F83572CA5C4E}.Release|x64.ActiveCfg = Release|x64
		{22611F32-7239-4D7A-B2E5-F83572CA5C4E}.Release|x64.Build.0 = Release|x64
		{22611F32-7239-4D7A-B2E5-F83572CA5C4E}.Release|x86.ActiveCfg = Release|Win32
		{22611F32-7239-4D7A-B2E5-F83572CA5C4E}.Release|x86.Build.0 = Release|Win32
		{3AAF459D-3086-4E43-A102-62A1A70C89D6}.Debug|x64.ActiveCfg = Debug|x64
		{3AAF459D-3086-4E43-A102-62A1A70C89D6}.Debug|x64.Build.0 = Debug|x64
		{3AAF459D-3086-4E43-A102-62A1A70C89D6}.Debug|x86.ActiveCfg = Debug|Win32
		{3AAF459D-3086-4E43-A102-62A1A70C89D6}.Debug|x86.Build.0 = Debug|Win32
		{3AAF459D-3086-4E43-A102-62A1A70C89D6}.Release|x64.ActiveCfg = Release|x64
		{3AAF459D-3086-4E43-A102-62A1A70C89D6}.Release|x64.Build.0 = Release|x64
		{3AAF459D-3086-4E43-A102-62A1A70C89D6}.Release|x86.ActiveCfg = Release|Win32
		{3AAF459D-3086-4E43-A102-62A1A70C89D6}.Release|x86.Build.0 = Release|Win32
		{4F67192C-310A-41A7-B77A-DCC2E3BE1F2C}.Debug|x64.ActiveCfg = Debug|x64
		{4F67192C-310A-41A7-B77A-DCC2E3BE1F2C}.Debug|x64.Build.0 = Debug|x64
		{4F67192C-310A-41A7-B77A-DCC2E3BE1F2C}.Debug|x86.ActiveCfg = Debug|Win32
		{4F67192C-310A-41A7-B77A-DCC2E3BE1F2C}.Debug|x86.Build.0 = Debug|Win32
		{4F67192C-310A-41A7-B77A-DCC2E3BE1F2C}.Release|x64.ActiveCfg = Release|x64
		{4F67192C-310A-41A7-B77A-DCC2E3BE1F2C}.Release|x64.Build.0 = Release|x64
		{4F67192C-310A-41A7-B77A-DCC2E3BE1F2C}.Release|x86.ActiveCfg = Release|Win32
		{4F67192C-310A-41A7-B77A-DCC2E3BE1F2C}.Release|x86.Build.0 = Release|Win32
		{7922C61A-1A01-40F3-862F-8CB3F548D000}.Debug|x64.ActiveCfg = Debug|x64
		{7922C61A-1A01-40F3-862F-8CB3F548D000}.Debug|x64.Build.0 = Debug|x64
		{7922C61A-1A01-40F3-862F-8CB3F548D000}.Debug|x86.ActiveCfg = Debug|Win32
		{7922C61A-1A01-40F3-862F-8CB3F548D000}.Debug|x86.Build.0 = Debug|Win32
		{7922C61A-1A01-40F3-862F-8CB3F548D000}.Release|x64.ActiveCfg = Release|x64
		{7922C61A-1A01-40F3-862F-8CB3F548D000}.Release|x64.Build.0 = Release|x64
		{7922C61A-1A01-40F3-862F-8CB3F548D000}.Release|x86.ActiveCfg = Release|Win32
		{7922C61A-1A01-40F3-862F-8CB3F548D000}.Release|x86.Build.0 = Release|Win32
		{F66E1F57-1299-4684-9F0C-8F11E5EFEE00}.Debug|x64.ActiveCfg = Debug|x64
		{F66E1F57-1299-4684-9F0C-8F11E5EFEE00}.Debug|x64.Build.0 = Debug|x64
		{F66E1F57-1299-4684-9F0C-8F11E5EFEE00}.Debug|x86.ActiveCfg = Debug|Win32
		{F66E1F57-1299-4684-9F0C-8F11E5EFEE00}.Debug|x86.Build.0 = Debug|Win32
		{F66E1F57-1299-4684-9F0C-8F11E5EFEE00}.Release|x64.ActiveCfg = Release|x64
		{F66E1F57-1299-4684-9F0C-8F11E5EFEE00}.Release|x64.Build.0 = Release|x64
		{F66E1F57-1299-4684-9F0C-8F11E5EFEE00}.Release|x86.ActiveCfg = Release|Win32
		{F66E1F57-1299-4684-9F0C-8F11E5EFEE00}.Release|x86.Build.0 = Release|Win32
		{8D78C96A-DFD6-4825-836F-C9B2FC739495}.Debug|x64.ActiveCfg = Debug|x64
		{8D78C96A-DFD6-4825-836F-C9B2FC739495}.Debug|x64.Build.0 = Debug|x64
		{8D78C96A-DFD6-4825-836F-C9B2FC739495}.Debug|x86.ActiveCfg = Debug|Win32
		{8D78C96A-DFD6-4825-836F-C9B2FC739495}.Debug|x86.Build.0 = Debug|Win32
		{8D78C96A-DFD6-4825-836F-C9B2FC739495}.Release|x64.ActiveCfg = Release|x64
		{8D78C96A-DFD6-4825-836F-C9B2FC739495}.Release|x64.Build.0 = Release|x64
		{8D78C96A-DFD6-4825-836F-C9B2FC739495}.Release|x86.ActiveCfg = Release|Win32
		{8D78C96A-DFD6-4825-836F-C9B2FC739495}.Release|x86.Build.0 = Release|Win32
		{7E7B3386-BAA9-4CC6-904F-7E308383F1D7}.Debug|x64.ActiveCfg = Debug|x64
		{7E7B3386-BAA9-4CC6-904F-7E308383F1D7}.Debug|x64.Build.0 = Debug|x64
		{7E7B3386-BAA9-4CC6-904F-7E308383F1D7}.Debug|x86.ActiveCfg = Debug|Win32
		{7E7B3386-BAA9-4CC6-904F-7E308383F1D7}.Debug|x86.Build.0 = Debug|Win32
		{7E7B3386-BAA9-4CC6-904F-7E308383F1D7}.Release|x64.ActiveCfg = Release|x64
		{7E7B3386-BAA9-4CC6-904F-7E308383F1D7}.Release|x64.Build.0 = Release|x64
		{7E7B3386-BAA9-4CC6-904F-7E308383F1D7}.Release|x86.ActiveCfg = Release|Win32
		{7E7B3386-BAA9-4CC6-904F-7E308383F1D7}.Release|x86.Build.0 = Release|Win32
		{12F548BE-7158-4A40-A866-994651187EDB}.Debug|x64.ActiveCfg = Debug|x64
		{12F548BE-7158-4A40-A866-994651187EDB}.Debug|x64.Build.0 = Debug|x64
		{12F548BE-7158-4A40-A866-994651187EDB}.Debug|x86.ActiveCfg = Debug|Win32
		{12F548BE-7158-4A40-A866-994651187EDB}.Debug|x86.Build.0 = Debug|Win32
		{12F548BE-7158-4A40-A866-994651187EDB}.Release|x64.ActiveCfg = Release|x64
		{12F548BE-7158-4A40-A866-994651187EDB}.Release|x64.Build.0 = Release|x64
		{12F548BE-7158-4A40-A866-994651187EDB}.Release|x86.ActiveCfg = Release|Win32
		{12F548BE-7158-4A40-A866-994651187EDB}.Release|x86.Build.0 = Release|Win32
		{FB0CA8B5-A08D-45CE-828C-3B6D0A11189C}.Debug|x64.ActiveCfg = Debug|x64
		{FB0CA8B5-A08D-45CE-828C-3B6D0A11189C}.Debug|x64.Build.0 = Debug|x64
		{FB0CA8B5-A08D-45CE-828C-3B6D0A11189C}.Debug|x86.ActiveCfg = Debug|Win32
		{FB0CA8B5-A08D-45CE-828C-3B6D0A11189C}.Debug|x86.Build.0 = Debug|Win32
		{FB0CA8B5-A08D-45CE-828C-3B6D0A11189C}.Release|x64.ActiveCfg = Release|x64
		{FB0CA8B5-A08D-45CE-828C-3B6D0A11189C}.Release|x64.Build.0 = Release|x64
		{FB0CA8B5-A08D-45CE-828C-3B6D0A11189C}.Release|x86.ActiveCfg = Release|Win32
		{FB0CA8B5-A08D-45CE-828C-3B6D0A11189C}.Release|x86.Build.0 = Release|Win32
		{B7AC7675-588B-41E9-9A74-9D8FB51EF748}.Debug|x64.ActiveCfg = Debug|x64
		{B7AC7675-588B-41E9-9A74-9D8FB51EF748}.Debug|x64.Build.0 = Debug|x64
		{B7AC7675-588B-41E9-9A74-9D8FB51EF748}.Debug|x86.ActiveCfg = Debug|Win32
		{B7AC7675-588B-41E9-9A74-9D8FB51EF748}.Debug|x86.Build.0 = Debug|Win32
		{B7AC7675-588B-41E9-9A74-9D8FB51EF748}.Release|x64.ActiveCfg = Release|x64
		{B7AC7675-588B-41E9-9A74-9D8FB51EF748}.Release|x64.Build.0 = Release|x64
		{B7AC7675-588B-41E9-9A74-9D8FB51EF748}.Release|x86.ActiveCfg = Release|Win32
		{B7AC7675-588B-41E9-9A74-9D8FB51EF748}.Release|x86.Build.0 = Release|Win32
		{F6BA9A56-D41B-4003-BA8B-0560430D4D98}.Debug|x64.ActiveCfg = Debug|x64
		{F6BA9A56-D41B-4003-BA8B-0560430D4D98}.Debug|x64.Build.0 = Debug|x64
		{F6BA9A56-D41B-4003-BA8B-0560430D4D98}.Debug|x86.ActiveCfg = Debug|Win32
		{F6BA9A56-D41B-4003-BA8B-0560430D4D98}.Debug|x86.Build.0 = Debug|Win32
		{F6BA9A56-D41B-4003-BA8B-0560430D4D98}.Release|x64.ActiveCfg = Release|x64
		{F6BA9A56-D41B-4003-BA8B-0560430D4D98}.Release|x64.Build.0 = Release|x64
		{F6BA9A56-D41B-4003-BA8B-0560430D4D98}.Release|x86.ActiveCfg = Release|Win32
		{F6BA9A56-D41B-4003-BA8B-0560430D4D98}.Release|x86.Build.0 = Release|Win32
		{E3E3ED48-B38E-40CE-BEE2-6B4B6DB9B99B}.Debug|x64.ActiveCfg = Debug|x64
		{E3E3ED48-B38E-40CE-BEE2-6B4B6DB9B99B}.Debug|x64.Build.0 = Debug|x64
		{E3E3ED48-B38E-40CE-BEE2-6B4B6DB9B99B}.Debug|x86.ActiveCfg = Debug|Win32
		{E3E3ED48-B38E-40CE-BEE2-6B4B6DB9B99B}.Debug|x86.Build.0 = Debug|Win32
		{E3E3ED48-B38E-40CE-BEE2-6B4B6DB9B99B}.Release|x64.ActiveCfg = Release|x64
		{E3E3ED48-B38E-40CE-BEE2-6B4B6DB9B99B}.Release|x64.Build.0 = Release|x64
		{E3E3ED48-B38E-40CE-BEE2-6B4B6DB9B99B}.Release|x86.ActiveCfg = Release|Win32
		{E3E3ED48-B38E-40CE-BEE2-6B4B6DB9B99B}.Release|x86.Build.0 = Release|Win32
		{144C8B20-57CB-4632-8BB3-EF8A6E40E2D5}.Debug|x64.ActiveCfg = Debug|x64
		{144C8B20-57CB-4632-8BB3-EF8A6E40E2D5}.Debug|x64.Build.0 = Debug|x64
		{144C8B20-57CB-4632-8BB3-EF8A6E40E2D5}.Debug|x86.ActiveCfg = Debug|Win32
		{144C8B20-57CB-4632-8BB3-EF8A6E40E2D5}.Debug|x86.Build.0 = Debug|Win32
		{144C8B20-57CB-4632-8BB3-EF8A6E40E2D5}.Release|x64.ActiveCfg = Release|x64
		{144C8B20-57CB-4632-8BB3-EF8A6E40E2D5}.Release|x64.Build.0 = Release|x64
		{144C8B20-57CB-4632-8BB3-EF8A6E40E2D5}.Release|x86.ActiveCfg = Release|Win32
		{144C8B20-57CB-4632-8BB3-EF8A6E40E2D5}.Release|x86.Build.0 = Release|Win32
		{7B6AFFB8-0F0E-4471-8F0D-40F09ABFDD74}.Debug|x64.ActiveCfg = Debug|x64
		{7B6AFFB8-0F0E-4471-8F0D-40F09ABFDD74}.Debug|x64.Build.0 = Debug|x64
		{7B6AFFB8-0F0E-4471-8F0D-40F09ABFDD74}.Debug|x86.ActiveCfg = Debug|Win32
		{7B6AFFB8-0F0E-4471-8F0D-40F09ABFDD74}.Debug|x86.Build.0 = Debug|Win32
		{7B6AFFB8-0F0E-4471-8F0D-40F09ABFDD74}.Release|x64.ActiveCfg = Release|x64
		{7B6AFFB8-0F0E-4471-8F0D-40F09ABFDD74}.Release|x64.Build.0 = Release|x64
		{7B6AFFB8-0F0E-4471-8F0D-40F09ABFDD74}.Release|x86.ActiveCfg = Release|Win32
		{7B6AFFB8-0F0E-4471-8F0D-40F09ABFDD74}.Release|x86.Build.0 = Release|Win32
		{19405300-716D-47B2-9E40-F000483C4EAC}.Debug|x64.ActiveCfg = Debug|x64
		{19405300-716D-47B2-9E40-F000483C4EAC}.Debug|x64.Build.0 = Debug|x64
		{19405300-716D-47B2-9E40-F000483C4EAC}.Debug|x86.ActiveCfg = Debug|Win32
		{19405300-716D-47B2-9E40-F000483C4EAC}.Debug|x86.Build.0 = Debug|Win32
		{19405300-716D-47B2-9E40-F000483C4EAC}.Release|x64.ActiveCfg = Release|x64
		{19405300-716D-47B2-9E40-F000483C4EAC}.Release|x64.Build.0 = Release|x64
		{19405300-716D-47B2-9E40-F000483C4EAC}.Release|x86.ActiveCfg = Release|Win32
		{19405300-716D-47B2-9E40-F000483C4EAC}.Release|x86.Build.0 = Release|Win32
		{D969349F-8750-4E69-9EFE-D7BE4CED3F9E}.Debug|x64.ActiveCfg = Debug|x64
		{D969349F-8750-4E69-9EFE-D7BE4CED3F9E}.Debug|x64.Build.0 = Debug|x64
		{D969349F-8750-4E69-9EFE-D7BE4CED3F9E}.Debug|x86.ActiveCfg = Debug|Win32
		{D969349F-8750-4E69-9EFE-D7BE4CED3F9E}.Debug|x86.Build.0 = Debug|Win32
		{D969349F-8750-4E69-9EFE-D7BE4CED3F9E}.Release|x64.ActiveCfg = Release|x64
		{D969349F-8750-4E69-9EFE-D7BE4CED3F9E}.Release|x64.Build.0 = Release|x64
		{D969349F-8750-4E69-9EFE-D7BE4CED3F9E}.Release|x86.ActiveCfg = Release|Win32
		{D969349F-8750-4E69-9EFE-D7BE4CED3F9E}.Release|x86.Build.0 = Release|Win32
		{D15D42C7-50B2-466F-8929-95DE479DC9F3}.Debug|x64.ActiveCfg = Debug|x64
		{D15D42C7-50B2-466F-8929-95DE479DC9F3}.Debug|x64.Build.0 = Debug|x64
		{D15D42C7-50B2-466F-8929-95DE479DC9F3}.Debug|x86.ActiveCfg = Debug|Win32
		{D15D42C7-50B2-466F-8929-95DE479DC9F3}.Debug|x86.Build.0 = Debug|Win32
		{D15D42C7-50B2-466F-8929-95DE479DC9F3}.Release|x64.ActiveCfg = Release|x64
		{D15D42C7-50B2-466F-8929-95DE479DC9F3}.Release|x64.Build.0 = Release|x64
		{D15D42C7-50B2-466F-8929-95DE479DC9F3}.Release|x86.ActiveCfg = Release|Win32
		{D15D42C7-50B2-466F-8929-95DE479DC9F3}.Release|x86.Build.0 = Release|Win32
		{B8DF3CCB-671B-4803-B9B7-1A5193120DCB}.Debug|x64.ActiveCfg = Debug|x64
		{B8DF3CCB-671B-4803-B9B7-1A5193120DCB}.Debug|x64.Build.0 = Debug|x64
		{B8DF3CCB-671B-4803-B9B7-1A5193120DCB}.Debug|x86.ActiveCfg = Debug|Win32
		{B8DF3CCB-671B-4803-B9B7-1A5193120DCB}.Debug|x86.Build.0 = Debug|Win32
		{B8DF3CCB-671B-4803-B9B7-1A5193120DCB}.Release|x64.ActiveCfg = Release|x64
		{B8DF3CCB-671B-4803-B9B7-1A5193120DCB}.Release|x64.Build.0 = Release|x64
		{B8DF3CCB-671B-4803-B9B7-1A5193120DCB}.Release|x86.ActiveCfg = Release|Win32
		{B8DF3CCB-671B-4803-B9B7-1A5193120DCB}.Release|x86.Build.0 = Release|Win32
		{70E65D4E-2DD7-4AB4-A2D0-C83552B12D7D}.Debug|x64.ActiveCfg = Debug|x64
		{70E65D4E-2DD7-4AB4-A2D0-C83552B12D7D}.Debug|x64.Build.0 = Debug|x64
		{70E65D4E-2DD7-4AB4-A2D0-C83552B12D7D}.Debug|x86.ActiveCfg = Debug|Win32
		{70E65D4E-2DD7-4AB4-A2D0-C83552B12D7D}.Debug|x86.Build.0 = Debug|Win32
		{70E65D4E-2DD7-4AB4-A2D0-C83552B12D7D}.Release|x64.ActiveCfg = Release|x64
		{70E65D4E-2DD7-4AB4-A2D0-C83552B12D7D}.Release|x64.Build.0 = Release|x64
		{70E65D4E-2DD7-4AB4-A2D0-C83552B12D7D}.Release|x86.ActiveCfg = Release|Win32
		{70E65D4E-2DD7-4AB4-A2D0-C83552B12D7D}.Release|x86.Build.0 = Release|Win32
		{924E04E6-800A-46C1-B9C5-D942794C7060}.Debug|x64.ActiveCfg = Debug|x64
		{924E04E6-800A-46C1-B9C5-D942794C7060}.Debug|x64.Build.0 = Debug|x64
		{924E04E6-800A-46C1-B9C5-D942794C7060}.Debug|x86.ActiveCfg = Debug|Win32
		{924E04E6-800A-46C1-B9C5-D942794C7060}.Debug|x86.Build.0 = Debug|Win32
		{924E04E6-800A-46C1-B9C5-D942794C7060}.Release|x64.ActiveCfg = Release|x64
		{924E04E6-800A-46C1-B9C5-D942794C7060}.Release|x64.Build.0 = Release|x64
		{924E04E6-800A-46C1-B9C5-D942794C7060}.Release|x86.ActiveCfg = Release|Win32
		{924E04E6-800A-46C1-B9C5-D942794C7060}.Release|x86.Build.0 = Release|Win32
		{7406489D-61FF-4AF3-ABB7-F038D7E5E179}.Debug|x64.ActiveCfg = Debug|x64
		{7406489D-61FF-4AF3-ABB7-F038D7E5E179}.Debug|x64.Build.0 = Debug|x64
		{7406489D-61FF-4AF3-ABB7-F038D7E5E179}.Debug|x86.ActiveCfg = Debug|Win32
		{7406489D-61FF-4AF3-ABB7-F038D7E5E179}.Debug|x86.Build.0 = Debug|Win32
		{7406489D-61FF-4AF3-ABB7-F038D7E5E179}.Release|x64.ActiveCfg = Release|x64
		{7406489D-61FF-4AF3-ABB7-F038D7E5E179}.Release|x64.Build.0 = Release|x64
		{7406489D-61FF-4AF3-ABB7-F038D7E5E179}.Release|x86.ActiveCfg = Release|Win32
		{7406489D-61FF-4AF3-ABB7-F038D7E5E179}.Release|x86.Build.0 = Release|Win32
		{8C3F4F82-DC19-498E-8265-663CB4EE9B85}.Debug|x64.ActiveCfg = Debug|x64
		{8C3F4F82-DC19-498E-8265-663CB4EE9B85}.Debug|x64.Build.0 = Debug|x64
		{8C3F4F82-DC19-498E-8265-663CB4EE9B85}.Debug|x86.ActiveCfg = Debug|Win32
		{8C3F4F82-DC19-498E-8265-663CB4EE9B85}.Debug|x86.Build.0 = Debug|Win32
		{8C3F4F82-DC19-498E-8265-663CB4EE9B85}.Release|x64.ActiveCfg = Release|x64
		{8C3F4F82-DC19-498E-8265-663CB4EE9B85}.Release|x64.Build.0 = Release|x64
		{8C3F4F82-DC19-498E-8265-663CB4EE9B85}.Release|x86.ActiveCfg = Release|Win32
		{8C3F4F82-DC19-498E-8265-663CB4EE9B85}.Release|x86.Build.0 = Release|Win32
		{397011ED-380B-4739-B2DE-8520B069F1E9}.Debug|x64.ActiveCfg = Debug|x64
		{397011ED-380B-4739-B2DE-8520B069F1E9}.Debug|x64.Build.0 = Debug|x64
		{397011ED-380B-4739-B2DE-8520B069F1E9}.Debug|x86.ActiveCfg = Debug|Win32
		{397011ED-380B-4739-B2DE-8520B069F1E9}.Debug|x86.Build.0 = Debug|Win32
		{397011ED-380B-4739-B2DE-8520B069F1E9}.Release|x64.ActiveCfg = Release|x64
		{397011ED-380B-4739-B2DE-8520B069F1E9}.Release|x64.Build.0 = Release|x64
		{397011ED-380B-4739-B2DE-8520B069F1E9}.Release|x86.ActiveCfg = Release|Win32
		{397011ED-380B-4739-B2DE-8520B069F1E9}.Release|x86.Build.0 = Release|Win32
		{37BCBC6F-BC48-4B50-BE04-A780E58FB39B}.Debug|x64.ActiveCfg = Debug|x64
		{37BCBC6F-BC48-4B50-BE04-A780E58FB39B}.Debug|x64.Build.0 = Debug|x64
		{37BCBC6F-BC48-4B50-BE04-A780E58FB39B}.Debug|x86.ActiveCfg = Debug|Win32
		{37BCBC6F-BC48-4B50-BE04-A780E58FB39B}.Debug|x86.Build.0 = Debug|Win32
		{37BCBC6F-BC48-4B50-BE04-A780E58FB39B}.Release|x64.ActiveCfg = Release|x64
		{37BCBC6F-BC48-4B50-BE04-A780E58FB39B}.Release|x64.Build.0 = Release|x64
		{37BCBC6F-BC48-4B50-BE04-A780E58FB39B}.Release|x86.ActiveCfg = Release|Win32
		{37BCBC6F-BC48-4B50-BE04-A780E58FB39B}.Release|x86.Build.0 = Release|Win32
		{7D14950C-476C-41E3-929E-FBC78915DEDB}.Debug|x64.ActiveCfg = Debug|x64
		{7D14950C-476C-41E3-929E-FBC78915DEDB}.Debug|x64.Build.0 = Debug|x64
		{7D14950C-476C-41E3-929E-FBC78915DEDB}.Debug|x86.ActiveCfg = Debug|Win32
		{7D14950C-476C-41E3-929E-FBC78915DEDB}.Debug|x86.Build.0 = Debug|Win32
		{7D14950C-476C-41E3-929E-FBC78915DEDB}.Release|x64.ActiveCfg = Release|x64
		{7D14950C-476C-41E3-929E-FBC78915DEDB}.Release|x64.Build.0 = Release|x64
		{7D14950C-476C-41E3-929E-FBC78915DEDB}.Release|x86.ActiveCfg = Release|Win32
		{7D14950C-476C-41E3-929E-FBC78915DEDB}.Release|x86.Build.0 = Release|Win32
		{293A6575-5372-405F-843D-62D3A269D610}.Debug|x64.ActiveCfg = Debug|x64
		{293A6575-5372-405F-843D-62D3A269D610}.Debug|x64.Build.0 = Debug|x64
		{293A6575-5372-405F-843D-62D3A269D610}.Debug|x86.ActiveCfg = Debug|Win32
		{293A6575-5372-405F-843D-62D3A269D610}.Debug|x86.Build.0 = Debug|Win32
		{293A6575-5372-405F-843D-62D3A269D610}.Release|x64.ActiveCfg = Release|x64
		{293A6575-5372-405F-843D-62D3A269D610}.Release|x64.Build.0 = Release|x64
		{293A6575-5372-405F-843D-62D3A269D610}.Release|x86.ActiveCfg = Release|Win32
		{293A6575-5372-405F-843D-62D3A269D610}.Release|x86.Build.0 = Release|Win32
		{7637CA96-FBBE-4EF3-8430-9D966F89448E}.Debug|x64.ActiveCfg = Debug|x64
		{7637CA96-FBBE-4EF3-8430-9D966F89448E}.Debug|x64.Build.0 = Debug|x64
		{7637CA96-FBBE-4EF3-8430-9D966F89448E}.Debug|x86.ActiveCfg = Debug|Win32
		{7637CA96-FBBE-4EF3-8430-9D966F89448E}.Debug|x86.Build.0 = Debug|Win32
		{7637CA96-FBBE-4EF3-8430-9D966F89448E}.Release|x64.ActiveCfg = Release|x64
		{7637CA96-FBBE-4EF3-8430-9D966F89448E}.Release|x64.Build.0 = Release|x64
		{7637CA96-FBBE-4EF3-8430-9D966F89448E}.Release|x86.ActiveCfg = Release|Win32
		{7637CA96-FBBE-4EF3-8430-9D966F89448E}.Release|x86.Build.0 = Release|Win32
		{5F9A8AF4-81E6-4D78-9395-305684CCE687}.Debug|x64.ActiveCfg = Debug|x64
		{5F9A8AF4-81E6-4D78-9395-305684CCE687}.Debug|x64.Build.0 = Debug|x64
		{5F9A8AF4-81E6-4D78-9395-305684CCE687}.Debug|x86.ActiveCfg = Debug|Win32
		{5F9A8AF4-81E6-4D78-9395-305684CCE687}.Debug|x86.Build.0 = Debug|Win32
		{5F9A8AF4-81E6-4D78-9395-305684CCE687}.Release|x64.ActiveCfg = Release|x64
		{5F9A8AF4-81E6-4D78-9395-305684CCE687}.Release|x64.Build.0 = Release|x64
		{5F9A8AF4-81E6-4D78-9395-305684CCE687}.Release|x86.ActiveCfg = Release|Win32
		{5F9A8AF4-81E6-4D78-9395-305684CCE687}.Release|x86.Build.0 = Release|Win32
		{C22271BD-E44D-4153-AC0B-D95E8194813A}.Debug|x64.ActiveCfg = Debug|x64
		{C22271BD-E44D-4153-AC0B-D95E8194813A}.Debug|x64.Build.0 = Debug|x64
		{C22271BD-E44D-4153-AC0B-D95E8194813A}.Debug|x86.ActiveCfg = Debug|Win32
		{C22271BD-E44D-4153-AC0B-D95E8194813A}.Debug|x86.Build.0 = Debug|Win32
		{C22271BD-E44D-4153-AC0B-D95E8194813A}.Release|x64.ActiveCfg = Release|x64
		{C22271BD-E44D-4153-AC0B-D95E8194813A}.Release|x64.Build.0 = Release|x64
		{C22271BD-E44D-4153-AC0B-D95E8194813A}.Release|x86.ActiveCfg = Release|Win32
		{C22271BD-E44D-4153-AC0B-D95E8194813A}.Release|x86.Build.0 = Release|Win32
		{DF7BB450-6915-40FF-8CC7-A27E72B43773}.Debug|x64.ActiveCfg = Debug|x64
		{DF7BB450-6915-40FF-8CC7-A27E72B43773}.Debug|x64.Build.0 = Debug|x64
		{DF7BB450-6915-40FF-8CC7-A27E72B43773}.Debug|x86.ActiveCfg = Debug|Win32
		{DF7BB450-6915-40FF-8CC7-A27E72B43773}.Debug|x86.Build.0 = Debug|Win32
		{DF7BB450-6915-40FF-8CC7-A27E72B43773}.Release|x64.ActiveCfg = Release|x64
		{DF7BB450-6915-40FF-8CC7-A27E72B43773}.Release|x64.Build.0 = Release|x64
		{DF7BB450-6915-40FF-8CC7-A27E72B43773}.Release|x86.ActiveCfg = Release|Win32
		{DF7BB450-6915-40FF-8CC7-A27E72B43773}.Release|x86.Build.0 = Release|Win32
		{E98EC2EF-A272-41CA-AA49-3B1AE301E61B}.Debug|x64.ActiveCfg = Debug|x64
		{E98EC2EF-A272-41CA-AA49-3B1AE301E61B}.Debug|x64.Build.0 = Debug|x64
		{E98EC2EF-A272-41CA-AA49-3B1AE301E61B}.Debug|x86.ActiveCfg = Debug|Win32
		{E98EC2EF-A272-41CA-AA49-3B1AE301E61B}.Debug|x86.Build.0 = Debug|Win32
		{E98EC2EF-A272-41CA-AA49-3B1AE301E61B}.Release|x64.ActiveCfg = Release|x64
		{E98EC2EF-A272-41CA-AA49-3B1AE301E61B}.Release|x64.Build.0 = Release|x64
		{E98EC2EF-A272-41CA-AA49-3B1AE301E61B}.Release|x86.ActiveCfg = Release|Win32
		{E98EC2EF-A272-41CA-AA49-3B1AE301E61B}.Release|x86.Build.0 = Release|Win32
	EndGlobalSection
	GlobalSection(SolutionProperties) = preSolution
		HideSolutionNode = FALSE
	EndGlobalSection
	GlobalSection(ExtensibilityGlobals) = postSolution
		SolutionGuid = {DB91CAC5-8F92-4309-AC78-1931351A1CB5}
	EndGlobalSection
EndGlobal
